// !$*UTF8*$!
{
	archiveVersion = 1;
	classes = {
	};
	objectVersion = 50;
	objects = {

/* Begin PBXBuildFile section */
		46F59FA5254571620077CDAA /* AppDelegate.swift in Sources */ = {isa = PBXBuildFile; fileRef = 46F59FA4254571620077CDAA /* AppDelegate.swift */; };
		46F59FA7254571620077CDAA /* ViewController.swift in Sources */ = {isa = PBXBuildFile; fileRef = 46F59FA6254571620077CDAA /* ViewController.swift */; };
		46F59FA9254571650077CDAA /* Assets.xcassets in Resources */ = {isa = PBXBuildFile; fileRef = 46F59FA8254571650077CDAA /* Assets.xcassets */; };
		46F59FAC254571650077CDAA /* Main.storyboard in Resources */ = {isa = PBXBuildFile; fileRef = 46F59FAA254571650077CDAA /* Main.storyboard */; };
		46F59FB52545834D0077CDAA /* zalgo.json in Resources */ = {isa = PBXBuildFile; fileRef = 46F59FB42545834D0077CDAA /* zalgo.json */; };
		46F59FB72545837F0077CDAA /* ZalgoCharacters.swift in Sources */ = {isa = PBXBuildFile; fileRef = 46F59FB62545837F0077CDAA /* ZalgoCharacters.swift */; };
		46F59FB9254587350077CDAA /* ROT13.swift in Sources */ = {isa = PBXBuildFile; fileRef = 46F59FB8254587350077CDAA /* ROT13.swift */; };
/* End PBXBuildFile section */

/* Begin PBXFileReference section */
		46F59FA1254571620077CDAA /* TextTransformer.app */ = {isa = PBXFileReference; explicitFileType = wrapper.application; includeInIndex = 0; path = TextTransformer.app; sourceTree = BUILT_PRODUCTS_DIR; };
		46F59FA4254571620077CDAA /* AppDelegate.swift */ = {isa = PBXFileReference; lastKnownFileType = sourcecode.swift; path = AppDelegate.swift; sourceTree = "<group>"; };
		46F59FA6254571620077CDAA /* ViewController.swift */ = {isa = PBXFileReference; lastKnownFileType = sourcecode.swift; path = ViewController.swift; sourceTree = "<group>"; };
		46F59FA8254571650077CDAA /* Assets.xcassets */ = {isa = PBXFileReference; lastKnownFileType = folder.assetcatalog; path = Assets.xcassets; sourceTree = "<group>"; };
		46F59FAB254571650077CDAA /* Base */ = {isa = PBXFileReference; lastKnownFileType = file.storyboard; name = Base; path = Base.lproj/Main.storyboard; sourceTree = "<group>"; };
		46F59FAD254571650077CDAA /* Info.plist */ = {isa = PBXFileReference; lastKnownFileType = text.plist.xml; path = Info.plist; sourceTree = "<group>"; };
		46F59FAE254571650077CDAA /* TextTransformer.entitlements */ = {isa = PBXFileReference; lastKnownFileType = text.plist.entitlements; path = TextTransformer.entitlements; sourceTree = "<group>"; };
		46F59FB42545834D0077CDAA /* zalgo.json */ = {isa = PBXFileReference; fileEncoding = 4; lastKnownFileType = text.json; path = zalgo.json; sourceTree = "<group>"; };
		46F59FB62545837F0077CDAA /* ZalgoCharacters.swift */ = {isa = PBXFileReference; lastKnownFileType = sourcecode.swift; path = ZalgoCharacters.swift; sourceTree = "<group>"; };
		46F59FB8254587350077CDAA /* ROT13.swift */ = {isa = PBXFileReference; lastKnownFileType = sourcecode.swift; path = ROT13.swift; sourceTree = "<group>"; };
/* End PBXFileReference section */

/* Begin PBXFrameworksBuildPhase section */
		46F59F9E254571620077CDAA /* Frameworks */ = {
			isa = PBXFrameworksBuildPhase;
			buildActionMask = 2147483647;
			files = (
			);
			runOnlyForDeploymentPostprocessing = 0;
		};
/* End PBXFrameworksBuildPhase section */

/* Begin PBXGroup section */
		46F59F98254571620077CDAA = {
			isa = PBXGroup;
			children = (
				46F59FA3254571620077CDAA /* TextTransformer */,
				46F59FA2254571620077CDAA /* Products */,
			);
			sourceTree = "<group>";
		};
		46F59FA2254571620077CDAA /* Products */ = {
			isa = PBXGroup;
			children = (
				46F59FA1254571620077CDAA /* TextTransformer.app */,
			);
			name = Products;
			sourceTree = "<group>";
		};
		46F59FA3254571620077CDAA /* TextTransformer */ = {
			isa = PBXGroup;
			children = (
				46F59FA4254571620077CDAA /* AppDelegate.swift */,
				46F59FA6254571620077CDAA /* ViewController.swift */,
				46F59FA8254571650077CDAA /* Assets.xcassets */,
				46F59FAA254571650077CDAA /* Main.storyboard */,
				46F59FB42545834D0077CDAA /* zalgo.json */,
				46F59FAD254571650077CDAA /* Info.plist */,
				46F59FAE254571650077CDAA /* TextTransformer.entitlements */,
				46F59FB62545837F0077CDAA /* ZalgoCharacters.swift */,
				46F59FB8254587350077CDAA /* ROT13.swift */,
			);
			path = TextTransformer;
			sourceTree = "<group>";
		};
/* End PBXGroup section */

/* Begin PBXNativeTarget section */
		46F59FA0254571620077CDAA /* TextTransformer */ = {
			isa = PBXNativeTarget;
			buildConfigurationList = 46F59FB1254571650077CDAA /* Build configuration list for PBXNativeTarget "TextTransformer" */;
			buildPhases = (
				46F59F9D254571620077CDAA /* Sources */,
				46F59F9E254571620077CDAA /* Frameworks */,
				46F59F9F254571620077CDAA /* Resources */,
			);
			buildRules = (
			);
			dependencies = (
			);
			name = TextTransformer;
			productName = TextTransformer;
			productReference = 46F59FA1254571620077CDAA /* TextTransformer.app */;
			productType = "com.apple.product-type.application";
		};
/* End PBXNativeTarget section */

/* Begin PBXProject section */
		46F59F99254571620077CDAA /* Project object */ = {
			isa = PBXProject;
			attributes = {
				LastSwiftUpdateCheck = 1160;
				LastUpgradeCheck = 1160;
				ORGANIZATIONNAME = "Mohamed Kelany";
				TargetAttributes = {
					46F59FA0254571620077CDAA = {
						CreatedOnToolsVersion = 11.6;
					};
				};
			};
			buildConfigurationList = 46F59F9C254571620077CDAA /* Build configuration list for PBXProject "TextTransformer" */;
			compatibilityVersion = "Xcode 9.3";
			developmentRegion = en;
			hasScannedForEncodings = 0;
			knownRegions = (
				en,
				Base,
			);
			mainGroup = 46F59F98254571620077CDAA;
			productRefGroup = 46F59FA2254571620077CDAA /* Products */;
			projectDirPath = "";
			projectRoot = "";
			targets = (
				46F59FA0254571620077CDAA /* TextTransformer */,
			);
		};
/* End PBXProject section */

/* Begin PBXResourcesBuildPhase section */
		46F59F9F254571620077CDAA /* Resources */ = {
			isa = PBXResourcesBuildPhase;
			buildActionMask = 2147483647;
			files = (
				46F59FA9254571650077CDAA /* Assets.xcassets in Resources */,
				46F59FAC254571650077CDAA /* Main.storyboard in Resources */,
				46F59FB52545834D0077CDAA /* zalgo.json in Resources */,
			);
			runOnlyForDeploymentPostprocessing = 0;
		};
/* End PBXResourcesBuildPhase section */

/* Begin PBXSourcesBuildPhase section */
		46F59F9D254571620077CDAA /* Sources */ = {
			isa = PBXSourcesBuildPhase;
			buildActionMask = 2147483647;
			files = (
				46F59FB72545837F0077CDAA /* ZalgoCharacters.swift in Sources */,
				46F59FA7254571620077CDAA /* ViewController.swift in Sources */,
				46F59FA5254571620077CDAA /* AppDelegate.swift in Sources */,
				46F59FB9254587350077CDAA /* ROT13.swift in Sources */,
			);
			runOnlyForDeploymentPostprocessing = 0;
		};
/* End PBXSourcesBuildPhase section */

/* Begin PBXVariantGroup section */
		46F59FAA254571650077CDAA /* Main.storyboard */ = {
			isa = PBXVariantGroup;
			children = (
				46F59FAB254571650077CDAA /* Base */,
			);
			name = Main.storyboard;
			sourceTree = "<group>";
		};
/* End PBXVariantGroup section */

/* Begin XCBuildConfiguration section */
		46F59FAF254571650077CDAA /* Debug */ = {
			isa = XCBuildConfiguration;
			buildSettings = {
				ALWAYS_SEARCH_USER_PATHS = NO;
				CLANG_ANALYZER_NONNULL = YES;
				CLANG_ANALYZER_NUMBER_OBJECT_CONVERSION = YES_AGGRESSIVE;
				CLANG_CXX_LANGUAGE_STANDARD = "gnu++14";
				CLANG_CXX_LIBRARY = "libc++";
				CLANG_ENABLE_MODULES = YES;
				CLANG_ENABLE_OBJC_ARC = YES;
				CLANG_ENABLE_OBJC_WEAK = YES;
				CLANG_WARN_BLOCK_CAPTURE_AUTORELEASING = YES;
				CLANG_WARN_BOOL_CONVERSION = YES;
				CLANG_WARN_COMMA = YES;
				CLANG_WARN_CONSTANT_CONVERSION = YES;
				CLANG_WARN_DEPRECATED_OBJC_IMPLEMENTATIONS = YES;
				CLANG_WARN_DIRECT_OBJC_ISA_USAGE = YES_ERROR;
				CLANG_WARN_DOCUMENTATION_COMMENTS = YES;
				CLANG_WARN_EMPTY_BODY = YES;
				CLANG_WARN_ENUM_CONVERSION = YES;
				CLANG_WARN_INFINITE_RECURSION = YES;
				CLANG_WARN_INT_CONVERSION = YES;
				CLANG_WARN_NON_LITERAL_NULL_CONVERSION = YES;
				CLANG_WARN_OBJC_IMPLICIT_RETAIN_SELF = YES;
				CLANG_WARN_OBJC_LITERAL_CONVERSION = YES;
				CLANG_WARN_OBJC_ROOT_CLASS = YES_ERROR;
				CLANG_WARN_RANGE_LOOP_ANALYSIS = YES;
				CLANG_WARN_STRICT_PROTOTYPES = YES;
				CLANG_WARN_SUSPICIOUS_MOVE = YES;
				CLANG_WARN_UNGUARDED_AVAILABILITY = YES_AGGRESSIVE;
				CLANG_WARN_UNREACHABLE_CODE = YES;
				CLANG_WARN__DUPLICATE_METHOD_MATCH = YES;
				COPY_PHASE_STRIP = NO;
				DEBUG_INFORMATION_FORMAT = dwarf;
				ENABLE_STRICT_OBJC_MSGSEND = YES;
				ENABLE_TESTABILITY = YES;
				GCC_C_LANGUAGE_STANDARD = gnu11;
				GCC_DYNAMIC_NO_PIC = NO;
				GCC_NO_COMMON_BLOCKS = YES;
				GCC_OPTIMIZATION_LEVEL = 0;
				GCC_PREPROCESSOR_DEFINITIONS = (
					"DEBUG=1",
					"$(inherited)",
				);
				GCC_WARN_64_TO_32_BIT_CONVERSION = YES;
				GCC_WARN_ABOUT_RETURN_TYPE = YES_ERROR;
				GCC_WARN_UNDECLARED_SELECTOR = YES;
				GCC_WARN_UNINITIALIZED_AUTOS = YES_AGGRESSIVE;
				GCC_WARN_UNUSED_FUNCTION = YES;
				GCC_WARN_UNUSED_VARIABLE = YES;
				MACOSX_DEPLOYMENT_TARGET = 10.15;
				MTL_ENABLE_DEBUG_INFO = INCLUDE_SOURCE;
				MTL_FAST_MATH = YES;
				ONLY_ACTIVE_ARCH = YES;
				SDKROOT = macosx;
				SWIFT_ACTIVE_COMPILATION_CONDITIONS = DEBUG;
				SWIFT_OPTIMIZATION_LEVEL = "-Onone";
			};
			name = Debug;
		};
		46F59FB0254571650077CDAA /* Release */ = {
			isa = XCBuildConfiguration;
			buildSettings = {
				ALWAYS_SEARCH_USER_PATHS = NO;
				CLANG_ANALYZER_NONNULL = YES;
				CLANG_ANALYZER_NUMBER_OBJECT_CONVERSION = YES_AGGRESSIVE;
				CLANG_CXX_LANGUAGE_STANDARD = "gnu++14";
				CLANG_CXX_LIBRARY = "libc++";
				CLANG_ENABLE_MODULES = YES;
				CLANG_ENABLE_OBJC_ARC = YES;
				CLANG_ENABLE_OBJC_WEAK = YES;
				CLANG_WARN_BLOCK_CAPTURE_AUTORELEASING = YES;
				CLANG_WARN_BOOL_CONVERSION = YES;
				CLANG_WARN_COMMA = YES;
				CLANG_WARN_CONSTANT_CONVERSION = YES;
				CLANG_WARN_DEPRECATED_OBJC_IMPLEMENTATIONS = YES;
				CLANG_WARN_DIRECT_OBJC_ISA_USAGE = YES_ERROR;
				CLANG_WARN_DOCUMENTATION_COMMENTS = YES;
				CLANG_WARN_EMPTY_BODY = YES;
				CLANG_WARN_ENUM_CONVERSION = YES;
				CLANG_WARN_INFINITE_RECURSION = YES;
				CLANG_WARN_INT_CONVERSION = YES;
				CLANG_WARN_NON_LITERAL_NULL_CONVERSION = YES;
				CLANG_WARN_OBJC_IMPLICIT_RETAIN_SELF = YES;
				CLANG_WARN_OBJC_LITERAL_CONVERSION = YES;
				CLANG_WARN_OBJC_ROOT_CLASS = YES_ERROR;
				CLANG_WARN_RANGE_LOOP_ANALYSIS = YES;
				CLANG_WARN_STRICT_PROTOTYPES = YES;
				CLANG_WARN_SUSPICIOUS_MOVE = YES;
				CLANG_WARN_UNGUARDED_AVAILABILITY = YES_AGGRESSIVE;
				CLANG_WARN_UNREACHABLE_CODE = YES;
				CLANG_WARN__DUPLICATE_METHOD_MATCH = YES;
				COPY_PHASE_STRIP = NO;
				DEBUG_INFORMATION_FORMAT = "dwarf-with-dsym";
				ENABLE_NS_ASSERTIONS = NO;
				ENABLE_STRICT_OBJC_MSGSEND = YES;
				GCC_C_LANGUAGE_STANDARD = gnu11;
				GCC_NO_COMMON_BLOCKS = YES;
				GCC_WARN_64_TO_32_BIT_CONVERSION = YES;
				GCC_WARN_ABOUT_RETURN_TYPE = YES_ERROR;
				GCC_WARN_UNDECLARED_SELECTOR = YES;
				GCC_WARN_UNINITIALIZED_AUTOS = YES_AGGRESSIVE;
				GCC_WARN_UNUSED_FUNCTION = YES;
				GCC_WARN_UNUSED_VARIABLE = YES;
				MACOSX_DEPLOYMENT_TARGET = 10.15;
				MTL_ENABLE_DEBUG_INFO = NO;
				MTL_FAST_MATH = YES;
				SDKROOT = macosx;
				SWIFT_COMPILATION_MODE = wholemodule;
				SWIFT_OPTIMIZATION_LEVEL = "-O";
			};
			name = Release;
		};
		46F59FB2254571650077CDAA /* Debug */ = {
			isa = XCBuildConfiguration;
			buildSettings = {
				ASSETCATALOG_COMPILER_APPICON_NAME = AppIcon;
				CODE_SIGN_ENTITLEMENTS = TextTransformer/TextTransformer.entitlements;
				CODE_SIGN_STYLE = Automatic;
				COMBINE_HIDPI_IMAGES = YES;
				DEVELOPMENT_TEAM = F5Q4UK5489;
				ENABLE_HARDENED_RUNTIME = YES;
				INFOPLIST_FILE = TextTransformer/Info.plist;
				LD_RUNPATH_SEARCH_PATHS = (
					"$(inherited)",
					"@executable_path/../Frameworks",
				);
				PRODUCT_BUNDLE_IDENTIFIER = kelany.TextTransformer;
				PRODUCT_NAME = "$(TARGET_NAME)";
				SWIFT_VERSION = 5.0;
			};
			name = Debug;
		};
		46F59FB3254571650077CDAA /* Release */ = {
			isa = XCBuildConfiguration;
			buildSettings = {
				ASSETCATALOG_COMPILER_APPICON_NAME = AppIcon;
				CODE_SIGN_ENTITLEMENTS = TextTransformer/TextTransformer.entitlements;
				CODE_SIGN_STYLE = Automatic;
				COMBINE_HIDPI_IMAGES = YES;
				DEVELOPMENT_TEAM = F5Q4UK5489;
				ENABLE_HARDENED_RUNTIME = YES;
				INFOPLIST_FILE = TextTransformer/Info.plist;
				LD_RUNPATH_SEARCH_PATHS = (
					"$(inherited)",
					"@executable_path/../Frameworks",
				);
				PRODUCT_BUNDLE_IDENTIFIER = kelany.TextTransformer;
				PRODUCT_NAME = "$(TARGET_NAME)";
				SWIFT_VERSION = 5.0;
			};
			name = Release;
		};
/* End XCBuildConfiguration section */

/* Begin XCConfigurationList section */
		46F59F9C254571620077CDAA /* Build configuration list for PBXProject "TextTransformer" */ = {
			isa = XCConfigurationList;
			buildConfigurations = (
				46F59FAF254571650077CDAA /* Debug */,
				46F59FB0254571650077CDAA /* Release */,
			);
			defaultConfigurationIsVisible = 0;
			defaultConfigurationName = Release;
		};
		46F59FB1254571650077CDAA /* Build configuration list for PBXNativeTarget "TextTransformer" */ = {
			isa = XCConfigurationList;
			buildConfigurations = (
				46F59FB2254571650077CDAA /* Debug */,
				46F59FB3254571650077CDAA /* Release */,
			);
			defaultConfigurationIsVisible = 0;
			defaultConfigurationName = Release;
		};
/* End XCConfigurationList section */
	};
	rootObject = 46F59F99254571620077CDAA /* Project object */;
}
